
Microsoft Visual Studio Solution File, Format Version 12.00
# Visual Studio 15
VisualStudioVersion = 15.0.28307.168
MinimumVisualStudioVersion = 10.0.40219.1
Project("{FAE04EC0-301F-11D3-BF4B-00C04F79EFBC}") = "ShuHai.Unity.Coroutines", "ShuHai.Unity.Coroutines\ShuHai.Unity.Coroutines.csproj", "{E7B2645B-84ED-422D-97D8-DCFC15BC21B4}"
EndProject
Global
	GlobalSection(SolutionConfigurationPlatforms) = preSolution
		Debug-2017.1+|Any CPU = Debug-2017.1+|Any CPU
		Debug-2018.3+|Any CPU = Debug-2018.3+|Any CPU
		Debug-5.3+|Any CPU = Debug-5.3+|Any CPU
		Release-2017.1+|Any CPU = Release-2017.1+|Any CPU
		Release-2018.3+|Any CPU = Release-2018.3+|Any CPU
		Release-5.3+|Any CPU = Release-5.3+|Any CPU
	EndGlobalSection
	GlobalSection(ProjectConfigurationPlatforms) = postSolution
		{E7B2645B-84ED-422D-97D8-DCFC15BC21B4}.Debug-2017.1+|Any CPU.ActiveCfg = Debug-2017.1+|Any CPU
		{E7B2645B-84ED-422D-97D8-DCFC15BC21B4}.Debug-2017.1+|Any CPU.Build.0 = Debug-2017.1+|Any CPU
		{E7B2645B-84ED-422D-97D8-DCFC15BC21B4}.Debug-2018.3+|Any CPU.ActiveCfg = Debug-2018.3+|Any CPU
		{E7B2645B-84ED-422D-97D8-DCFC15BC21B4}.Debug-2018.3+|Any CPU.Build.0 = Debug-2018.3+|Any CPU
		{E7B2645B-84ED-422D-97D8-DCFC15BC21B4}.Debug-5.3+|Any CPU.ActiveCfg = Debug-5.3+|Any CPU
		{E7B2645B-84ED-422D-97D8-DCFC15BC21B4}.Debug-5.3+|Any CPU.Build.0 = Debug-5.3+|Any CPU
		{E7B2645B-84ED-422D-97D8-DCFC15BC21B4}.Release-2017.1+|Any CPU.ActiveCfg = Release-2017.1+|Any CPU
		{E7B2645B-84ED-422D-97D8-DCFC15BC21B4}.Release-2017.1+|Any CPU.Build.0 = Release-2017.1+|Any CPU
		{E7B2645B-84ED-422D-97D8-DCFC15BC21B4}.Release-2018.3+|Any CPU.ActiveCfg = Release-2018.3+|Any CPU
		{E7B2645B-84ED-422D-97D8-DCFC15BC21B4}.Release-2018.3+|Any CPU.Build.0 = Release-2018.3+|Any CPU
		{E7B2645B-84ED-422D-97D8-DCFC15BC21B4}.Release-5.3+|Any CPU.ActiveCfg = Release-5.3+|Any CPU
		{E7B2645B-84ED-422D-97D8-DCFC15BC21B4}.Release-5.3+|Any CPU.Build.0 = Release-5.3+|Any CPU
	EndGlobalSection
	GlobalSection(SolutionProperties) = preSolution
		HideSolutionNode = FALSE
	EndGlobalSection
	GlobalSection(ExtensibilityGlobals) = postSolution
		SolutionGuid = {5B0FF827-B132-4E79-BD61-6AA720490228}
	EndGlobalSection
EndGlobal
